// !$*UTF8*$!
{
	archiveVersion = 1;
	classes = {
	};
	objectVersion = 56;
	objects = {

/* Begin PBXBuildFile section */
		B718BEF129F0D2380015A9DB /* UIColor + Data Extension.swift in Sources */ = {isa = PBXBuildFile; fileRef = B718BEF029F0D2380015A9DB /* UIColor + Data Extension.swift */; };
		B73ED2BD29A5FFDF00DA2B37 /* AppDelegate.swift in Sources */ = {isa = PBXBuildFile; fileRef = B73ED2BC29A5FFDF00DA2B37 /* AppDelegate.swift */; };
		B73ED2BF29A5FFDF00DA2B37 /* SceneDelegate.swift in Sources */ = {isa = PBXBuildFile; fileRef = B73ED2BE29A5FFDF00DA2B37 /* SceneDelegate.swift */; };
		B73ED2C129A5FFDF00DA2B37 /* InfoViewController.swift in Sources */ = {isa = PBXBuildFile; fileRef = B73ED2C029A5FFDF00DA2B37 /* InfoViewController.swift */; };
		B73ED2C629A5FFE100DA2B37 /* Assets.xcassets in Resources */ = {isa = PBXBuildFile; fileRef = B73ED2C529A5FFE100DA2B37 /* Assets.xcassets */; };
		B73ED2C929A5FFE100DA2B37 /* LaunchScreen.storyboard in Resources */ = {isa = PBXBuildFile; fileRef = B73ED2C729A5FFE100DA2B37 /* LaunchScreen.storyboard */; };
		B73ED2D129A5FFFD00DA2B37 /* HomeViewController.swift in Sources */ = {isa = PBXBuildFile; fileRef = B73ED2D029A5FFFC00DA2B37 /* HomeViewController.swift */; };
		B73ED2D329A6000E00DA2B37 /* FavoriteViewController.swift in Sources */ = {isa = PBXBuildFile; fileRef = B73ED2D229A6000E00DA2B37 /* FavoriteViewController.swift */; };
		B73ED2D529A6006700DA2B37 /* TabBarViewController.swift in Sources */ = {isa = PBXBuildFile; fileRef = B73ED2D429A6006700DA2B37 /* TabBarViewController.swift */; };
		B759959929D52BB300BB7C96 /* MeTubePet.xcdatamodeld in Sources */ = {isa = PBXBuildFile; fileRef = B759959729D52BB300BB7C96 /* MeTubePet.xcdatamodeld */; };
		B75B18EC29CE911A0041F48B /* StorageManager.swift in Sources */ = {isa = PBXBuildFile; fileRef = B75B18EB29CE911A0041F48B /* StorageManager.swift */; };
		B767A39A29C14AB5003ADAC7 /* simple.json in Resources */ = {isa = PBXBuildFile; fileRef = B767A39929C14AB5003ADAC7 /* simple.json */; };
		B767A39D29C18EEE003ADAC7 /* ImageCatchManager.swift in Sources */ = {isa = PBXBuildFile; fileRef = B767A39C29C18EEE003ADAC7 /* ImageCatchManager.swift */; };
		B77840E929AB325500899D3D /* UIColor + Extention.swift in Sources */ = {isa = PBXBuildFile; fileRef = B77840E829AB325500899D3D /* UIColor + Extention.swift */; };
		B77B2E5029A73969002B807E /* HomelCollectionViewCell.swift in Sources */ = {isa = PBXBuildFile; fileRef = B77B2E4F29A73969002B807E /* HomelCollectionViewCell.swift */; };
		B77B2E5229A73B52002B807E /* UIView + cell.swift in Sources */ = {isa = PBXBuildFile; fileRef = B77B2E5129A73B52002B807E /* UIView + cell.swift */; };
		B7BABEC329BEDB3C00E4B7F8 /* NetworkManager.swift in Sources */ = {isa = PBXBuildFile; fileRef = B7BABEC229BEDB3C00E4B7F8 /* NetworkManager.swift */; };
		B7CD4AF829B41FF8000B5BA7 /* FavoriteTableViewCell.swift in Sources */ = {isa = PBXBuildFile; fileRef = B7CD4AF729B41FF8000B5BA7 /* FavoriteTableViewCell.swift */; };
		B7DFF31029BD9B9E00EAE036 /* Models.swift in Sources */ = {isa = PBXBuildFile; fileRef = B7DFF30F29BD9B9E00EAE036 /* Models.swift */; };
/* End PBXBuildFile section */

/* Begin PBXFileReference section */
		B718BEF029F0D2380015A9DB /* UIColor + Data Extension.swift */ = {isa = PBXFileReference; lastKnownFileType = sourcecode.swift; path = "UIColor + Data Extension.swift"; sourceTree = "<group>"; };
		B73ED2B929A5FFDF00DA2B37 /* MeTube Pet.app */ = {isa = PBXFileReference; explicitFileType = wrapper.application; includeInIndex = 0; path = "MeTube Pet.app"; sourceTree = BUILT_PRODUCTS_DIR; };
		B73ED2BC29A5FFDF00DA2B37 /* AppDelegate.swift */ = {isa = PBXFileReference; lastKnownFileType = sourcecode.swift; path = AppDelegate.swift; sourceTree = "<group>"; };
		B73ED2BE29A5FFDF00DA2B37 /* SceneDelegate.swift */ = {isa = PBXFileReference; lastKnownFileType = sourcecode.swift; path = SceneDelegate.swift; sourceTree = "<group>"; };
		B73ED2C029A5FFDF00DA2B37 /* InfoViewController.swift */ = {isa = PBXFileReference; lastKnownFileType = sourcecode.swift; path = InfoViewController.swift; sourceTree = "<group>"; };
		B73ED2C529A5FFE100DA2B37 /* Assets.xcassets */ = {isa = PBXFileReference; lastKnownFileType = folder.assetcatalog; path = Assets.xcassets; sourceTree = "<group>"; };
		B73ED2C829A5FFE100DA2B37 /* Base */ = {isa = PBXFileReference; lastKnownFileType = file.storyboard; name = Base; path = Base.lproj/LaunchScreen.storyboard; sourceTree = "<group>"; };
		B73ED2CA29A5FFE100DA2B37 /* Info.plist */ = {isa = PBXFileReference; lastKnownFileType = text.plist.xml; path = Info.plist; sourceTree = "<group>"; };
		B73ED2D029A5FFFC00DA2B37 /* HomeViewController.swift */ = {isa = PBXFileReference; lastKnownFileType = sourcecode.swift; path = HomeViewController.swift; sourceTree = "<group>"; };
		B73ED2D229A6000E00DA2B37 /* FavoriteViewController.swift */ = {isa = PBXFileReference; lastKnownFileType = sourcecode.swift; path = FavoriteViewController.swift; sourceTree = "<group>"; };
		B73ED2D429A6006700DA2B37 /* TabBarViewController.swift */ = {isa = PBXFileReference; lastKnownFileType = sourcecode.swift; path = TabBarViewController.swift; sourceTree = "<group>"; };
		B759959829D52BB300BB7C96 /* MeTubePet.xcdatamodel */ = {isa = PBXFileReference; lastKnownFileType = wrapper.xcdatamodel; path = MeTubePet.xcdatamodel; sourceTree = "<group>"; };
		B75B18EB29CE911A0041F48B /* StorageManager.swift */ = {isa = PBXFileReference; lastKnownFileType = sourcecode.swift; path = StorageManager.swift; sourceTree = "<group>"; };
		B767A39929C14AB5003ADAC7 /* simple.json */ = {isa = PBXFileReference; fileEncoding = 4; lastKnownFileType = text.json; path = simple.json; sourceTree = "<group>"; };
		B767A39C29C18EEE003ADAC7 /* ImageCatchManager.swift */ = {isa = PBXFileReference; lastKnownFileType = sourcecode.swift; path = ImageCatchManager.swift; sourceTree = "<group>"; };
		B77840E829AB325500899D3D /* UIColor + Extention.swift */ = {isa = PBXFileReference; lastKnownFileType = sourcecode.swift; path = "UIColor + Extention.swift"; sourceTree = "<group>"; };
		B77B2E4F29A73969002B807E /* HomelCollectionViewCell.swift */ = {isa = PBXFileReference; lastKnownFileType = sourcecode.swift; path = HomelCollectionViewCell.swift; sourceTree = "<group>"; };
		B77B2E5129A73B52002B807E /* UIView + cell.swift */ = {isa = PBXFileReference; lastKnownFileType = sourcecode.swift; path = "UIView + cell.swift"; sourceTree = "<group>"; };
		B7BABEC229BEDB3C00E4B7F8 /* NetworkManager.swift */ = {isa = PBXFileReference; lastKnownFileType = sourcecode.swift; path = NetworkManager.swift; sourceTree = "<group>"; };
		B7CD4AF729B41FF8000B5BA7 /* FavoriteTableViewCell.swift */ = {isa = PBXFileReference; lastKnownFileType = sourcecode.swift; path = FavoriteTableViewCell.swift; sourceTree = "<group>"; };
		B7DFF30F29BD9B9E00EAE036 /* Models.swift */ = {isa = PBXFileReference; lastKnownFileType = sourcecode.swift; path = Models.swift; sourceTree = "<group>"; };
/* End PBXFileReference section */

/* Begin PBXFrameworksBuildPhase section */
		B73ED2B629A5FFDF00DA2B37 /* Frameworks */ = {
			isa = PBXFrameworksBuildPhase;
			buildActionMask = 2147483647;
			files = (
			);
			runOnlyForDeploymentPostprocessing = 0;
		};
/* End PBXFrameworksBuildPhase section */

/* Begin PBXGroup section */
		B73ED2B029A5FFDF00DA2B37 = {
			isa = PBXGroup;
			children = (
				B77B2E4C29A7279A002B807E /* ViewControllers */,
				B77B2E4E29A73922002B807E /* Views */,
				B7DFF30E29BD9B7200EAE036 /* Models */,
				B7BABEC129BEDB0300E4B7F8 /* Services */,
				B75B18EA29CE90D70041F48B /* Storage Manager */,
				B77840EA29AB325F00899D3D /* Extentions */,
				B77B2E4D29A727E8002B807E /* App */,
				B767A39B29C17117003ADAC7 /* LocalJson */,
				B759959729D52BB300BB7C96 /* MeTubePet.xcdatamodeld */,
				B73ED2BA29A5FFDF00DA2B37 /* Products */,
			);
			sourceTree = "<group>";
		};
		B73ED2BA29A5FFDF00DA2B37 /* Products */ = {
			isa = PBXGroup;
			children = (
				B73ED2B929A5FFDF00DA2B37 /* MeTube Pet.app */,
			);
			name = Products;
			sourceTree = "<group>";
		};
		B75B18EA29CE90D70041F48B /* Storage Manager */ = {
			isa = PBXGroup;
			children = (
				B75B18EB29CE911A0041F48B /* StorageManager.swift */,
			);
			path = "Storage Manager";
			sourceTree = "<group>";
		};
		B767A39B29C17117003ADAC7 /* LocalJson */ = {
			isa = PBXGroup;
			children = (
				B767A39929C14AB5003ADAC7 /* simple.json */,
			);
			path = LocalJson;
			sourceTree = "<group>";
		};
		B77840EA29AB325F00899D3D /* Extentions */ = {
			isa = PBXGroup;
			children = (
				B77840E829AB325500899D3D /* UIColor + Extention.swift */,
				B718BEF029F0D2380015A9DB /* UIColor + Data Extension.swift */,
				B77B2E5129A73B52002B807E /* UIView + cell.swift */,
			);
			path = Extentions;
			sourceTree = "<group>";
		};
		B77B2E4C29A7279A002B807E /* ViewControllers */ = {
			isa = PBXGroup;
			children = (
				B73ED2D029A5FFFC00DA2B37 /* HomeViewController.swift */,
				B73ED2D229A6000E00DA2B37 /* FavoriteViewController.swift */,
				B73ED2C029A5FFDF00DA2B37 /* InfoViewController.swift */,
				B73ED2D429A6006700DA2B37 /* TabBarViewController.swift */,
			);
			path = ViewControllers;
			sourceTree = "<group>";
		};
		B77B2E4D29A727E8002B807E /* App */ = {
			isa = PBXGroup;
			children = (
				B73ED2BC29A5FFDF00DA2B37 /* AppDelegate.swift */,
				B73ED2BE29A5FFDF00DA2B37 /* SceneDelegate.swift */,
				B73ED2C729A5FFE100DA2B37 /* LaunchScreen.storyboard */,
				B73ED2C529A5FFE100DA2B37 /* Assets.xcassets */,
				B73ED2CA29A5FFE100DA2B37 /* Info.plist */,
			);
			path = App;
			sourceTree = "<group>";
		};
		B77B2E4E29A73922002B807E /* Views */ = {
			isa = PBXGroup;
			children = (
				B77B2E4F29A73969002B807E /* HomelCollectionViewCell.swift */,
				B7CD4AF729B41FF8000B5BA7 /* FavoriteTableViewCell.swift */,
			);
			path = Views;
			sourceTree = "<group>";
		};
		B7BABEC129BEDB0300E4B7F8 /* Services */ = {
			isa = PBXGroup;
			children = (
				B7BABEC229BEDB3C00E4B7F8 /* NetworkManager.swift */,
				B767A39C29C18EEE003ADAC7 /* ImageCatchManager.swift */,
			);
			path = Services;
			sourceTree = "<group>";
		};
		B7DFF30E29BD9B7200EAE036 /* Models */ = {
			isa = PBXGroup;
			children = (
				B7DFF30F29BD9B9E00EAE036 /* Models.swift */,
			);
			path = Models;
			sourceTree = "<group>";
		};
/* End PBXGroup section */

/* Begin PBXNativeTarget section */
		B73ED2B829A5FFDF00DA2B37 /* MeTube Pet */ = {
			isa = PBXNativeTarget;
			buildConfigurationList = B73ED2CD29A5FFE100DA2B37 /* Build configuration list for PBXNativeTarget "MeTube Pet" */;
			buildPhases = (
				B73ED2B529A5FFDF00DA2B37 /* Sources */,
				B73ED2B629A5FFDF00DA2B37 /* Frameworks */,
				B73ED2B729A5FFDF00DA2B37 /* Resources */,
			);
			buildRules = (
			);
			dependencies = (
			);
			name = "MeTube Pet";
			productName = "MeTube Pet";
			productReference = B73ED2B929A5FFDF00DA2B37 /* MeTube Pet.app */;
			productType = "com.apple.product-type.application";
		};
/* End PBXNativeTarget section */

/* Begin PBXProject section */
		B73ED2B129A5FFDF00DA2B37 /* Project object */ = {
			isa = PBXProject;
			attributes = {
				BuildIndependentTargetsInParallel = 1;
				LastSwiftUpdateCheck = 1420;
				LastUpgradeCheck = 1420;
				TargetAttributes = {
					B73ED2B829A5FFDF00DA2B37 = {
						CreatedOnToolsVersion = 14.2;
					};
				};
			};
			buildConfigurationList = B73ED2B429A5FFDF00DA2B37 /* Build configuration list for PBXProject "MeTube Pet" */;
			compatibilityVersion = "Xcode 14.0";
			developmentRegion = en;
			hasScannedForEncodings = 0;
			knownRegions = (
				en,
				Base,
			);
			mainGroup = B73ED2B029A5FFDF00DA2B37;
			productRefGroup = B73ED2BA29A5FFDF00DA2B37 /* Products */;
			projectDirPath = "";
			projectRoot = "";
			targets = (
				B73ED2B829A5FFDF00DA2B37 /* MeTube Pet */,
			);
		};
/* End PBXProject section */

/* Begin PBXResourcesBuildPhase section */
		B73ED2B729A5FFDF00DA2B37 /* Resources */ = {
			isa = PBXResourcesBuildPhase;
			buildActionMask = 2147483647;
			files = (
				B73ED2C929A5FFE100DA2B37 /* LaunchScreen.storyboard in Resources */,
				B73ED2C629A5FFE100DA2B37 /* Assets.xcassets in Resources */,
				B767A39A29C14AB5003ADAC7 /* simple.json in Resources */,
			);
			runOnlyForDeploymentPostprocessing = 0;
		};
/* End PBXResourcesBuildPhase section */

/* Begin PBXSourcesBuildPhase section */
		B73ED2B529A5FFDF00DA2B37 /* Sources */ = {
			isa = PBXSourcesBuildPhase;
			buildActionMask = 2147483647;
			files = (
				B7BABEC329BEDB3C00E4B7F8 /* NetworkManager.swift in Sources */,
				B77B2E5229A73B52002B807E /* UIView + cell.swift in Sources */,
				B73ED2C129A5FFDF00DA2B37 /* InfoViewController.swift in Sources */,
				B7DFF31029BD9B9E00EAE036 /* Models.swift in Sources */,
				B73ED2BD29A5FFDF00DA2B37 /* AppDelegate.swift in Sources */,
				B77B2E5029A73969002B807E /* HomelCollectionViewCell.swift in Sources */,
				B77840E929AB325500899D3D /* UIColor + Extention.swift in Sources */,
				B73ED2BF29A5FFDF00DA2B37 /* SceneDelegate.swift in Sources */,
				B759959929D52BB300BB7C96 /* MeTubePet.xcdatamodeld in Sources */,
				B73ED2D329A6000E00DA2B37 /* FavoriteViewController.swift in Sources */,
				B718BEF129F0D2380015A9DB /* UIColor + Data Extension.swift in Sources */,
				B73ED2D529A6006700DA2B37 /* TabBarViewController.swift in Sources */,
				B73ED2D129A5FFFD00DA2B37 /* HomeViewController.swift in Sources */,
				B75B18EC29CE911A0041F48B /* StorageManager.swift in Sources */,
				B7CD4AF829B41FF8000B5BA7 /* FavoriteTableViewCell.swift in Sources */,
				B767A39D29C18EEE003ADAC7 /* ImageCatchManager.swift in Sources */,
			);
			runOnlyForDeploymentPostprocessing = 0;
		};
/* End PBXSourcesBuildPhase section */

/* Begin PBXVariantGroup section */
		B73ED2C729A5FFE100DA2B37 /* LaunchScreen.storyboard */ = {
			isa = PBXVariantGroup;
			children = (
				B73ED2C829A5FFE100DA2B37 /* Base */,
			);
			name = LaunchScreen.storyboard;
			sourceTree = "<group>";
		};
/* End PBXVariantGroup section */

/* Begin XCBuildConfiguration section */
		B73ED2CB29A5FFE100DA2B37 /* Debug */ = {
			isa = XCBuildConfiguration;
			buildSettings = {
				ALWAYS_SEARCH_USER_PATHS = NO;
				CLANG_ANALYZER_NONNULL = YES;
				CLANG_ANALYZER_NUMBER_OBJECT_CONVERSION = YES_AGGRESSIVE;
				CLANG_CXX_LANGUAGE_STANDARD = "gnu++20";
				CLANG_ENABLE_MODULES = YES;
				CLANG_ENABLE_OBJC_ARC = YES;
				CLANG_ENABLE_OBJC_WEAK = YES;
				CLANG_WARN_BLOCK_CAPTURE_AUTORELEASING = YES;
				CLANG_WARN_BOOL_CONVERSION = YES;
				CLANG_WARN_COMMA = YES;
				CLANG_WARN_CONSTANT_CONVERSION = YES;
				CLANG_WARN_DEPRECATED_OBJC_IMPLEMENTATIONS = YES;
				CLANG_WARN_DIRECT_OBJC_ISA_USAGE = YES_ERROR;
				CLANG_WARN_DOCUMENTATION_COMMENTS = YES;
				CLANG_WARN_EMPTY_BODY = YES;
				CLANG_WARN_ENUM_CONVERSION = YES;
				CLANG_WARN_INFINITE_RECURSION = YES;
				CLANG_WARN_INT_CONVERSION = YES;
				CLANG_WARN_NON_LITERAL_NULL_CONVERSION = YES;
				CLANG_WARN_OBJC_IMPLICIT_RETAIN_SELF = YES;
				CLANG_WARN_OBJC_LITERAL_CONVERSION = YES;
				CLANG_WARN_OBJC_ROOT_CLASS = YES_ERROR;
				CLANG_WARN_QUOTED_INCLUDE_IN_FRAMEWORK_HEADER = YES;
				CLANG_WARN_RANGE_LOOP_ANALYSIS = YES;
				CLANG_WARN_STRICT_PROTOTYPES = YES;
				CLANG_WARN_SUSPICIOUS_MOVE = YES;
				CLANG_WARN_UNGUARDED_AVAILABILITY = YES_AGGRESSIVE;
				CLANG_WARN_UNREACHABLE_CODE = YES;
				CLANG_WARN__DUPLICATE_METHOD_MATCH = YES;
				COPY_PHASE_STRIP = NO;
				DEBUG_INFORMATION_FORMAT = dwarf;
				ENABLE_STRICT_OBJC_MSGSEND = YES;
				ENABLE_TESTABILITY = YES;
				GCC_C_LANGUAGE_STANDARD = gnu11;
				GCC_DYNAMIC_NO_PIC = NO;
				GCC_NO_COMMON_BLOCKS = YES;
				GCC_OPTIMIZATION_LEVEL = 0;
				GCC_PREPROCESSOR_DEFINITIONS = (
					"DEBUG=1",
					"$(inherited)",
				);
				GCC_WARN_64_TO_32_BIT_CONVERSION = YES;
				GCC_WARN_ABOUT_RETURN_TYPE = YES_ERROR;
				GCC_WARN_UNDECLARED_SELECTOR = YES;
				GCC_WARN_UNINITIALIZED_AUTOS = YES_AGGRESSIVE;
				GCC_WARN_UNUSED_FUNCTION = YES;
				GCC_WARN_UNUSED_VARIABLE = YES;
				IPHONEOS_DEPLOYMENT_TARGET = 16.2;
				MTL_ENABLE_DEBUG_INFO = INCLUDE_SOURCE;
				MTL_FAST_MATH = YES;
				ONLY_ACTIVE_ARCH = YES;
				SDKROOT = iphoneos;
				SWIFT_ACTIVE_COMPILATION_CONDITIONS = DEBUG;
				SWIFT_OPTIMIZATION_LEVEL = "-Onone";
			};
			name = Debug;
		};
		B73ED2CC29A5FFE100DA2B37 /* Release */ = {
			isa = XCBuildConfiguration;
			buildSettings = {
				ALWAYS_SEARCH_USER_PATHS = NO;
				CLANG_ANALYZER_NONNULL = YES;
				CLANG_ANALYZER_NUMBER_OBJECT_CONVERSION = YES_AGGRESSIVE;
				CLANG_CXX_LANGUAGE_STANDARD = "gnu++20";
				CLANG_ENABLE_MODULES = YES;
				CLANG_ENABLE_OBJC_ARC = YES;
				CLANG_ENABLE_OBJC_WEAK = YES;
				CLANG_WARN_BLOCK_CAPTURE_AUTORELEASING = YES;
				CLANG_WARN_BOOL_CONVERSION = YES;
				CLANG_WARN_COMMA = YES;
				CLANG_WARN_CONSTANT_CONVERSION = YES;
				CLANG_WARN_DEPRECATED_OBJC_IMPLEMENTATIONS = YES;
				CLANG_WARN_DIRECT_OBJC_ISA_USAGE = YES_ERROR;
				CLANG_WARN_DOCUMENTATION_COMMENTS = YES;
				CLANG_WARN_EMPTY_BODY = YES;
				CLANG_WARN_ENUM_CONVERSION = YES;
				CLANG_WARN_INFINITE_RECURSION = YES;
				CLANG_WARN_INT_CONVERSION = YES;
				CLANG_WARN_NON_LITERAL_NULL_CONVERSION = YES;
				CLANG_WARN_OBJC_IMPLICIT_RETAIN_SELF = YES;
				CLANG_WARN_OBJC_LITERAL_CONVERSION = YES;
				CLANG_WARN_OBJC_ROOT_CLASS = YES_ERROR;
				CLANG_WARN_QUOTED_INCLUDE_IN_FRAMEWORK_HEADER = YES;
				CLANG_WARN_RANGE_LOOP_ANALYSIS = YES;
				CLANG_WARN_STRICT_PROTOTYPES = YES;
				CLANG_WARN_SUSPICIOUS_MOVE = YES;
				CLANG_WARN_UNGUARDED_AVAILABILITY = YES_AGGRESSIVE;
				CLANG_WARN_UNREACHABLE_CODE = YES;
				CLANG_WARN__DUPLICATE_METHOD_MATCH = YES;
				COPY_PHASE_STRIP = NO;
				DEBUG_INFORMATION_FORMAT = "dwarf-with-dsym";
				ENABLE_NS_ASSERTIONS = NO;
				ENABLE_STRICT_OBJC_MSGSEND = YES;
				GCC_C_LANGUAGE_STANDARD = gnu11;
				GCC_NO_COMMON_BLOCKS = YES;
				GCC_WARN_64_TO_32_BIT_CONVERSION = YES;
				GCC_WARN_ABOUT_RETURN_TYPE = YES_ERROR;
				GCC_WARN_UNDECLARED_SELECTOR = YES;
				GCC_WARN_UNINITIALIZED_AUTOS = YES_AGGRESSIVE;
				GCC_WARN_UNUSED_FUNCTION = YES;
				GCC_WARN_UNUSED_VARIABLE = YES;
				IPHONEOS_DEPLOYMENT_TARGET = 16.2;
				MTL_ENABLE_DEBUG_INFO = NO;
				MTL_FAST_MATH = YES;
				SDKROOT = iphoneos;
				SWIFT_COMPILATION_MODE = wholemodule;
				SWIFT_OPTIMIZATION_LEVEL = "-O";
				VALIDATE_PRODUCT = YES;
			};
			name = Release;
		};
		B73ED2CE29A5FFE100DA2B37 /* Debug */ = {
			isa = XCBuildConfiguration;
			buildSettings = {
				ASSETCATALOG_COMPILER_APPICON_NAME = AppIcon;
				ASSETCATALOG_COMPILER_GLOBAL_ACCENT_COLOR_NAME = AccentColor;
				CODE_SIGN_STYLE = Automatic;
				CURRENT_PROJECT_VERSION = 1;
				GENERATE_INFOPLIST_FILE = YES;
				INFOPLIST_FILE = App/Info.plist;
				INFOPLIST_KEY_UIApplicationSupportsIndirectInputEvents = YES;
				INFOPLIST_KEY_UILaunchStoryboardName = LaunchScreen;
				INFOPLIST_KEY_UIStatusBarStyle = "";
				INFOPLIST_KEY_UISupportedInterfaceOrientations = UIInterfaceOrientationPortrait;
				LD_RUNPATH_SEARCH_PATHS = (
					"$(inherited)",
					"@executable_path/Frameworks",
				);
				MARKETING_VERSION = 1.0;
				PRODUCT_BUNDLE_IDENTIFIER = "KHILCHENKO-ROMAN.MeTube-Pet";
				PRODUCT_NAME = "$(TARGET_NAME)";
				SWIFT_EMIT_LOC_STRINGS = YES;
				SWIFT_VERSION = 5.0;
				TARGETED_DEVICE_FAMILY = "1,2";
			};
			name = Debug;
		};
		B73ED2CF29A5FFE100DA2B37 /* Release */ = {
			isa = XCBuildConfiguration;
			buildSettings = {
				ASSETCATALOG_COMPILER_APPICON_NAME = AppIcon;
				ASSETCATALOG_COMPILER_GLOBAL_ACCENT_COLOR_NAME = AccentColor;
				CODE_SIGN_STYLE = Automatic;
				CURRENT_PROJECT_VERSION = 1;
				GENERATE_INFOPLIST_FILE = YES;
				INFOPLIST_FILE = App/Info.plist;
				INFOPLIST_KEY_UIApplicationSupportsIndirectInputEvents = YES;
				INFOPLIST_KEY_UILaunchStoryboardName = LaunchScreen;
				INFOPLIST_KEY_UIStatusBarStyle = "";
				INFOPLIST_KEY_UISupportedInterfaceOrientations = UIInterfaceOrientationPortrait;
				LD_RUNPATH_SEARCH_PATHS = (
					"$(inherited)",
					"@executable_path/Frameworks",
				);
				MARKETING_VERSION = 1.0;
				PRODUCT_BUNDLE_IDENTIFIER = "KHILCHENKO-ROMAN.MeTube-Pet";
				PRODUCT_NAME = "$(TARGET_NAME)";
				SWIFT_EMIT_LOC_STRINGS = YES;
				SWIFT_VERSION = 5.0;
				TARGETED_DEVICE_FAMILY = "1,2";
			};
			name = Release;
		};
/* End XCBuildConfiguration section */

/* Begin XCConfigurationList section */
		B73ED2B429A5FFDF00DA2B37 /* Build configuration list for PBXProject "MeTube Pet" */ = {
			isa = XCConfigurationList;
			buildConfigurations = (
				B73ED2CB29A5FFE100DA2B37 /* Debug */,
				B73ED2CC29A5FFE100DA2B37 /* Release */,
			);
			defaultConfigurationIsVisible = 0;
			defaultConfigurationName = Release;
		};
		B73ED2CD29A5FFE100DA2B37 /* Build configuration list for PBXNativeTarget "MeTube Pet" */ = {
			isa = XCConfigurationList;
			buildConfigurations = (
				B73ED2CE29A5FFE100DA2B37 /* Debug */,
				B73ED2CF29A5FFE100DA2B37 /* Release */,
			);
			defaultConfigurationIsVisible = 0;
			defaultConfigurationName = Release;
		};
/* End XCConfigurationList section */

/* Begin XCVersionGroup section */
		B759959729D52BB300BB7C96 /* MeTubePet.xcdatamodeld */ = {
			isa = XCVersionGroup;
			children = (
				B759959829D52BB300BB7C96 /* MeTubePet.xcdatamodel */,
			);
			currentVersion = B759959829D52BB300BB7C96 /* MeTubePet.xcdatamodel */;
			name = MeTubePet.xcdatamodeld;
			path = LocalJson/MeTubePet.xcdatamodeld;
			sourceTree = "<group>";
			versionGroupType = wrapper.xcdatamodel;
		};
/* End XCVersionGroup section */
	};
	rootObject = B73ED2B129A5FFDF00DA2B37 /* Project object */;
}
